
Microsoft Visual Studio Solution File, Format Version 12.00
# Visual Studio Version 17
VisualStudioVersion = 17.11.35219.272
MinimumVisualStudioVersion = 10.0.40219.1
Project("{FAE04EC0-301F-11D3-BF4B-00C04F79EFBC}") = "Metodos01", "Metodos01\Metodos01.csproj", "{604A8D83-0A32-43AF-B5A5-70D9AD1DFB9C}"
EndProject
Global
	GlobalSection(SolutionConfigurationPlatforms) = preSolution
		Debug|Any CPU = Debug|Any CPU
		Release|Any CPU = Release|Any CPU
	EndGlobalSection
	GlobalSection(ProjectConfigurationPlatforms) = postSolution
		{604A8D83-0A32-43AF-B5A5-70D9AD1DFB9C}.Debug|Any CPU.ActiveCfg = Debug|Any CPU
		{604A8D83-0A32-43AF-B5A5-70D9AD1DFB9C}.Debug|Any CPU.Build.0 = Debug|Any CPU
		{604A8D83-0A32-43AF-B5A5-70D9AD1DFB9C}.Release|Any CPU.ActiveCfg = Release|Any CPU
		{604A8D83-0A32-43AF-B5A5-70D9AD1DFB9C}.Release|Any CPU.Build.0 = Release|Any CPU
	EndGlobalSection
	GlobalSection(SolutionProperties) = preSolution
		HideSolutionNode = FALSE
	EndGlobalSection
	GlobalSection(ExtensibilityGlobals) = postSolution
		SolutionGuid = {F61F2109-EDD7-40EE-BC00-94E869FB085D}
	EndGlobalSection
EndGlobal
