
Microsoft Visual Studio Solution File, Format Version 12.00
# Visual Studio Version 17
VisualStudioVersion = 17.11.35219.272
MinimumVisualStudioVersion = 10.0.40219.1
Project("{FAE04EC0-301F-11D3-BF4B-00C04F79EFBC}") = "Clases_y_Objetos", "Clases_y_Objetos\Clases_y_Objetos.csproj", "{BD1095D9-2FFD-449C-AC5B-CB9CBEB2912D}"
EndProject
Global
	GlobalSection(SolutionConfigurationPlatforms) = preSolution
		Debug|Any CPU = Debug|Any CPU
		Release|Any CPU = Release|Any CPU
	EndGlobalSection
	GlobalSection(ProjectConfigurationPlatforms) = postSolution
		{BD1095D9-2FFD-449C-AC5B-CB9CBEB2912D}.Debug|Any CPU.ActiveCfg = Debug|Any CPU
		{BD1095D9-2FFD-449C-AC5B-CB9CBEB2912D}.Debug|Any CPU.Build.0 = Debug|Any CPU
		{BD1095D9-2FFD-449C-AC5B-CB9CBEB2912D}.Release|Any CPU.ActiveCfg = Release|Any CPU
		{BD1095D9-2FFD-449C-AC5B-CB9CBEB2912D}.Release|Any CPU.Build.0 = Release|Any CPU
	EndGlobalSection
	GlobalSection(SolutionProperties) = preSolution
		HideSolutionNode = FALSE
	EndGlobalSection
	GlobalSection(ExtensibilityGlobals) = postSolution
		SolutionGuid = {7E4150C0-6315-4356-9B47-B4341962ECA1}
	EndGlobalSection
EndGlobal
