
Microsoft Visual Studio Solution File, Format Version 12.00
# Visual Studio Version 17
VisualStudioVersion = 17.11.35219.272
MinimumVisualStudioVersion = 10.0.40219.1
Project("{FAE04EC0-301F-11D3-BF4B-00C04F79EFBC}") = "ConsoleApp1", "ConsoleApp1\ConsoleApp1.csproj", "{42D2DA2B-5340-49A1-90E0-2461E25219C9}"
EndProject
Global
	GlobalSection(SolutionConfigurationPlatforms) = preSolution
		Debug|Any CPU = Debug|Any CPU
		Release|Any CPU = Release|Any CPU
	EndGlobalSection
	GlobalSection(ProjectConfigurationPlatforms) = postSolution
		{42D2DA2B-5340-49A1-90E0-2461E25219C9}.Debug|Any CPU.ActiveCfg = Debug|Any CPU
		{42D2DA2B-5340-49A1-90E0-2461E25219C9}.Debug|Any CPU.Build.0 = Debug|Any CPU
		{42D2DA2B-5340-49A1-90E0-2461E25219C9}.Release|Any CPU.ActiveCfg = Release|Any CPU
		{42D2DA2B-5340-49A1-90E0-2461E25219C9}.Release|Any CPU.Build.0 = Release|Any CPU
	EndGlobalSection
	GlobalSection(SolutionProperties) = preSolution
		HideSolutionNode = FALSE
	EndGlobalSection
	GlobalSection(ExtensibilityGlobals) = postSolution
		SolutionGuid = {13E73F5E-B030-4403-976B-EEFB49569138}
	EndGlobalSection
EndGlobal
