
Microsoft Visual Studio Solution File, Format Version 12.00
# Visual Studio Version 17
VisualStudioVersion = 17.11.35219.272
MinimumVisualStudioVersion = 10.0.40219.1
Project("{FAE04EC0-301F-11D3-BF4B-00C04F79EFBC}") = "Matriz01", "Matriz01\Matriz01.csproj", "{6DC7B664-B089-4EB2-B37C-41A1C8A3DE37}"
EndProject
Global
	GlobalSection(SolutionConfigurationPlatforms) = preSolution
		Debug|Any CPU = Debug|Any CPU
		Release|Any CPU = Release|Any CPU
	EndGlobalSection
	GlobalSection(ProjectConfigurationPlatforms) = postSolution
		{6DC7B664-B089-4EB2-B37C-41A1C8A3DE37}.Debug|Any CPU.ActiveCfg = Debug|Any CPU
		{6DC7B664-B089-4EB2-B37C-41A1C8A3DE37}.Debug|Any CPU.Build.0 = Debug|Any CPU
		{6DC7B664-B089-4EB2-B37C-41A1C8A3DE37}.Release|Any CPU.ActiveCfg = Release|Any CPU
		{6DC7B664-B089-4EB2-B37C-41A1C8A3DE37}.Release|Any CPU.Build.0 = Release|Any CPU
	EndGlobalSection
	GlobalSection(SolutionProperties) = preSolution
		HideSolutionNode = FALSE
	EndGlobalSection
	GlobalSection(ExtensibilityGlobals) = postSolution
		SolutionGuid = {BBBA9A16-ACF1-458C-A30E-631A465AB291}
	EndGlobalSection
EndGlobal
