
Microsoft Visual Studio Solution File, Format Version 12.00
# Visual Studio Version 17
VisualStudioVersion = 17.11.35219.272
MinimumVisualStudioVersion = 10.0.40219.1
Project("{FAE04EC0-301F-11D3-BF4B-00C04F79EFBC}") = "Herencia01", "Herencia01\Herencia01.csproj", "{F75CBC86-D744-4D93-A06F-C3A74BE6F08F}"
EndProject
Global
	GlobalSection(SolutionConfigurationPlatforms) = preSolution
		Debug|Any CPU = Debug|Any CPU
		Release|Any CPU = Release|Any CPU
	EndGlobalSection
	GlobalSection(ProjectConfigurationPlatforms) = postSolution
		{F75CBC86-D744-4D93-A06F-C3A74BE6F08F}.Debug|Any CPU.ActiveCfg = Debug|Any CPU
		{F75CBC86-D744-4D93-A06F-C3A74BE6F08F}.Debug|Any CPU.Build.0 = Debug|Any CPU
		{F75CBC86-D744-4D93-A06F-C3A74BE6F08F}.Release|Any CPU.ActiveCfg = Release|Any CPU
		{F75CBC86-D744-4D93-A06F-C3A74BE6F08F}.Release|Any CPU.Build.0 = Release|Any CPU
	EndGlobalSection
	GlobalSection(SolutionProperties) = preSolution
		HideSolutionNode = FALSE
	EndGlobalSection
	GlobalSection(ExtensibilityGlobals) = postSolution
		SolutionGuid = {7376EAD6-A6C1-4613-858F-D7EDB9D6B26B}
	EndGlobalSection
EndGlobal
