
Microsoft Visual Studio Solution File, Format Version 12.00
# Visual Studio Version 17
VisualStudioVersion = 17.11.35219.272
MinimumVisualStudioVersion = 10.0.40219.1
Project("{FAE04EC0-301F-11D3-BF4B-00C04F79EFBC}") = "Arreglo01", "Arreglo01\Arreglo01.csproj", "{3AF99FEA-0E2A-4822-861C-5E4BB3AAAEC4}"
EndProject
Global
	GlobalSection(SolutionConfigurationPlatforms) = preSolution
		Debug|Any CPU = Debug|Any CPU
		Release|Any CPU = Release|Any CPU
	EndGlobalSection
	GlobalSection(ProjectConfigurationPlatforms) = postSolution
		{3AF99FEA-0E2A-4822-861C-5E4BB3AAAEC4}.Debug|Any CPU.ActiveCfg = Debug|Any CPU
		{3AF99FEA-0E2A-4822-861C-5E4BB3AAAEC4}.Debug|Any CPU.Build.0 = Debug|Any CPU
		{3AF99FEA-0E2A-4822-861C-5E4BB3AAAEC4}.Release|Any CPU.ActiveCfg = Release|Any CPU
		{3AF99FEA-0E2A-4822-861C-5E4BB3AAAEC4}.Release|Any CPU.Build.0 = Release|Any CPU
	EndGlobalSection
	GlobalSection(SolutionProperties) = preSolution
		HideSolutionNode = FALSE
	EndGlobalSection
	GlobalSection(ExtensibilityGlobals) = postSolution
		SolutionGuid = {CC18553F-9027-47C4-B846-24E6BA06F9BE}
	EndGlobalSection
EndGlobal
