
Microsoft Visual Studio Solution File, Format Version 12.00
# Visual Studio Version 17
VisualStudioVersion = 17.11.35219.272
MinimumVisualStudioVersion = 10.0.40219.1
Project("{FAE04EC0-301F-11D3-BF4B-00C04F79EFBC}") = "Ejercicio 12", "Ejercicio 12\Ejercicio 12.csproj", "{492908B1-AB82-4C7B-B9C4-6309E8BEFAF9}"
EndProject
Global
	GlobalSection(SolutionConfigurationPlatforms) = preSolution
		Debug|Any CPU = Debug|Any CPU
		Release|Any CPU = Release|Any CPU
	EndGlobalSection
	GlobalSection(ProjectConfigurationPlatforms) = postSolution
		{492908B1-AB82-4C7B-B9C4-6309E8BEFAF9}.Debug|Any CPU.ActiveCfg = Debug|Any CPU
		{492908B1-AB82-4C7B-B9C4-6309E8BEFAF9}.Debug|Any CPU.Build.0 = Debug|Any CPU
		{492908B1-AB82-4C7B-B9C4-6309E8BEFAF9}.Release|Any CPU.ActiveCfg = Release|Any CPU
		{492908B1-AB82-4C7B-B9C4-6309E8BEFAF9}.Release|Any CPU.Build.0 = Release|Any CPU
	EndGlobalSection
	GlobalSection(SolutionProperties) = preSolution
		HideSolutionNode = FALSE
	EndGlobalSection
	GlobalSection(ExtensibilityGlobals) = postSolution
		SolutionGuid = {1B186FB3-D6EA-48D9-A051-7022A166782F}
	EndGlobalSection
EndGlobal
