
Microsoft Visual Studio Solution File, Format Version 12.00
# Visual Studio Version 17
VisualStudioVersion = 17.11.35219.272
MinimumVisualStudioVersion = 10.0.40219.1
Project("{FAE04EC0-301F-11D3-BF4B-00C04F79EFBC}") = "Ejercicio 02", "Ejercicio 02\Ejercicio 02.csproj", "{B2986CAB-EEE4-4033-AAF7-E9A1DAD7CDDC}"
EndProject
Global
	GlobalSection(SolutionConfigurationPlatforms) = preSolution
		Debug|Any CPU = Debug|Any CPU
		Release|Any CPU = Release|Any CPU
	EndGlobalSection
	GlobalSection(ProjectConfigurationPlatforms) = postSolution
		{B2986CAB-EEE4-4033-AAF7-E9A1DAD7CDDC}.Debug|Any CPU.ActiveCfg = Debug|Any CPU
		{B2986CAB-EEE4-4033-AAF7-E9A1DAD7CDDC}.Debug|Any CPU.Build.0 = Debug|Any CPU
		{B2986CAB-EEE4-4033-AAF7-E9A1DAD7CDDC}.Release|Any CPU.ActiveCfg = Release|Any CPU
		{B2986CAB-EEE4-4033-AAF7-E9A1DAD7CDDC}.Release|Any CPU.Build.0 = Release|Any CPU
	EndGlobalSection
	GlobalSection(SolutionProperties) = preSolution
		HideSolutionNode = FALSE
	EndGlobalSection
	GlobalSection(ExtensibilityGlobals) = postSolution
		SolutionGuid = {03D96F74-7562-4C38-AC5D-BA5BA6F5BC86}
	EndGlobalSection
EndGlobal
