
Microsoft Visual Studio Solution File, Format Version 12.00
# Visual Studio Version 17
VisualStudioVersion = 17.11.35219.272
MinimumVisualStudioVersion = 10.0.40219.1
Project("{FAE04EC0-301F-11D3-BF4B-00C04F79EFBC}") = "Ejercicio bucle05", "Ejercicio bucle05\Ejercicio bucle05.csproj", "{20666302-DF1A-4D22-918A-2488D932EBFD}"
EndProject
Global
	GlobalSection(SolutionConfigurationPlatforms) = preSolution
		Debug|Any CPU = Debug|Any CPU
		Release|Any CPU = Release|Any CPU
	EndGlobalSection
	GlobalSection(ProjectConfigurationPlatforms) = postSolution
		{20666302-DF1A-4D22-918A-2488D932EBFD}.Debug|Any CPU.ActiveCfg = Debug|Any CPU
		{20666302-DF1A-4D22-918A-2488D932EBFD}.Debug|Any CPU.Build.0 = Debug|Any CPU
		{20666302-DF1A-4D22-918A-2488D932EBFD}.Release|Any CPU.ActiveCfg = Release|Any CPU
		{20666302-DF1A-4D22-918A-2488D932EBFD}.Release|Any CPU.Build.0 = Release|Any CPU
	EndGlobalSection
	GlobalSection(SolutionProperties) = preSolution
		HideSolutionNode = FALSE
	EndGlobalSection
	GlobalSection(ExtensibilityGlobals) = postSolution
		SolutionGuid = {378A9016-86E6-421E-9373-82FB8E3E1886}
	EndGlobalSection
EndGlobal
