
Microsoft Visual Studio Solution File, Format Version 12.00
# Visual Studio Version 17
VisualStudioVersion = 17.11.35219.272
MinimumVisualStudioVersion = 10.0.40219.1
Project("{FAE04EC0-301F-11D3-BF4B-00C04F79EFBC}") = "Ejercicio 01", "Ejercicio 01\Ejercicio 01.csproj", "{C3E13312-7912-4833-BBF1-3C79409EE5CF}"
EndProject
Global
	GlobalSection(SolutionConfigurationPlatforms) = preSolution
		Debug|Any CPU = Debug|Any CPU
		Release|Any CPU = Release|Any CPU
	EndGlobalSection
	GlobalSection(ProjectConfigurationPlatforms) = postSolution
		{C3E13312-7912-4833-BBF1-3C79409EE5CF}.Debug|Any CPU.ActiveCfg = Debug|Any CPU
		{C3E13312-7912-4833-BBF1-3C79409EE5CF}.Debug|Any CPU.Build.0 = Debug|Any CPU
		{C3E13312-7912-4833-BBF1-3C79409EE5CF}.Release|Any CPU.ActiveCfg = Release|Any CPU
		{C3E13312-7912-4833-BBF1-3C79409EE5CF}.Release|Any CPU.Build.0 = Release|Any CPU
	EndGlobalSection
	GlobalSection(SolutionProperties) = preSolution
		HideSolutionNode = FALSE
	EndGlobalSection
	GlobalSection(ExtensibilityGlobals) = postSolution
		SolutionGuid = {C7AE7906-232D-48A5-905E-073A18CACA40}
	EndGlobalSection
EndGlobal
